
Microsoft Visual Studio Solution File, Format Version 12.00
# Visual Studio 15
VisualStudioVersion = 15.0.26124.0
MinimumVisualStudioVersion = 15.0.26124.0
Project("{9A19103F-16F7-4668-BE54-9A1E7A4F7556}") = "PokerTDD", "src\PokerTDD\PokerTDD.csproj", "{D2C3CE81-67EB-405E-9A0D-6FD94767C076}"
EndProject
Project("{9A19103F-16F7-4668-BE54-9A1E7A4F7556}") = "PokerTDD.Teste", "tests\PokerTDD.Teste\PokerTDD.Teste.csproj", "{D5CF3B7D-950A-4114-8EA4-BCD21B47BA8A}"
EndProject
Global
	GlobalSection(SolutionConfigurationPlatforms) = preSolution
		Debug|Any CPU = Debug|Any CPU
		Debug|x64 = Debug|x64
		Debug|x86 = Debug|x86
		Release|Any CPU = Release|Any CPU
		Release|x64 = Release|x64
		Release|x86 = Release|x86
	EndGlobalSection
	GlobalSection(ProjectConfigurationPlatforms) = postSolution
		{D2C3CE81-67EB-405E-9A0D-6FD94767C076}.Debug|Any CPU.ActiveCfg = Debug|Any CPU
		{D2C3CE81-67EB-405E-9A0D-6FD94767C076}.Debug|Any CPU.Build.0 = Debug|Any CPU
		{D2C3CE81-67EB-405E-9A0D-6FD94767C076}.Debug|x64.ActiveCfg = Debug|Any CPU
		{D2C3CE81-67EB-405E-9A0D-6FD94767C076}.Debug|x64.Build.0 = Debug|Any CPU
		{D2C3CE81-67EB-405E-9A0D-6FD94767C076}.Debug|x86.ActiveCfg = Debug|Any CPU
		{D2C3CE81-67EB-405E-9A0D-6FD94767C076}.Debug|x86.Build.0 = Debug|Any CPU
		{D2C3CE81-67EB-405E-9A0D-6FD94767C076}.Release|Any CPU.ActiveCfg = Release|Any CPU
		{D2C3CE81-67EB-405E-9A0D-6FD94767C076}.Release|Any CPU.Build.0 = Release|Any CPU
		{D2C3CE81-67EB-405E-9A0D-6FD94767C076}.Release|x64.ActiveCfg = Release|Any CPU
		{D2C3CE81-67EB-405E-9A0D-6FD94767C076}.Release|x64.Build.0 = Release|Any CPU
		{D2C3CE81-67EB-405E-9A0D-6FD94767C076}.Release|x86.ActiveCfg = Release|Any CPU
		{D2C3CE81-67EB-405E-9A0D-6FD94767C076}.Release|x86.Build.0 = Release|Any CPU
		{D5CF3B7D-950A-4114-8EA4-BCD21B47BA8A}.Debug|Any CPU.ActiveCfg = Debug|Any CPU
		{D5CF3B7D-950A-4114-8EA4-BCD21B47BA8A}.Debug|Any CPU.Build.0 = Debug|Any CPU
		{D5CF3B7D-950A-4114-8EA4-BCD21B47BA8A}.Debug|x64.ActiveCfg = Debug|Any CPU
		{D5CF3B7D-950A-4114-8EA4-BCD21B47BA8A}.Debug|x64.Build.0 = Debug|Any CPU
		{D5CF3B7D-950A-4114-8EA4-BCD21B47BA8A}.Debug|x86.ActiveCfg = Debug|Any CPU
		{D5CF3B7D-950A-4114-8EA4-BCD21B47BA8A}.Debug|x86.Build.0 = Debug|Any CPU
		{D5CF3B7D-950A-4114-8EA4-BCD21B47BA8A}.Release|Any CPU.ActiveCfg = Release|Any CPU
		{D5CF3B7D-950A-4114-8EA4-BCD21B47BA8A}.Release|Any CPU.Build.0 = Release|Any CPU
		{D5CF3B7D-950A-4114-8EA4-BCD21B47BA8A}.Release|x64.ActiveCfg = Release|Any CPU
		{D5CF3B7D-950A-4114-8EA4-BCD21B47BA8A}.Release|x64.Build.0 = Release|Any CPU
		{D5CF3B7D-950A-4114-8EA4-BCD21B47BA8A}.Release|x86.ActiveCfg = Release|Any CPU
		{D5CF3B7D-950A-4114-8EA4-BCD21B47BA8A}.Release|x86.Build.0 = Release|Any CPU
	EndGlobalSection
	GlobalSection(SolutionProperties) = preSolution
		HideSolutionNode = FALSE
	EndGlobalSection
	GlobalSection(ExtensibilityGlobals) = postSolution
		SolutionGuid = {A4D03285-8A71-45F1-BDF1-AB4628960E55}
	EndGlobalSection
EndGlobal
